
Microsoft Visual Studio Solution File, Format Version 12.00
# Visual Studio Version 17
VisualStudioVersion = 17.11.35222.181
MinimumVisualStudioVersion = 10.0.40219.1
Project("{FAE04EC0-301F-11D3-BF4B-00C04F79EFBC}") = "WebApplication4", "WebApplication4\WebApplication4.csproj", "{ABEDDC54-5899-4236-9D75-D1AE7CD612D5}"
EndProject
Global
	GlobalSection(SolutionConfigurationPlatforms) = preSolution
		Debug|Any CPU = Debug|Any CPU
		Release|Any CPU = Release|Any CPU
	EndGlobalSection
	GlobalSection(ProjectConfigurationPlatforms) = postSolution
		{ABEDDC54-5899-4236-9D75-D1AE7CD612D5}.Debug|Any CPU.ActiveCfg = Debug|Any CPU
		{ABEDDC54-5899-4236-9D75-D1AE7CD612D5}.Debug|Any CPU.Build.0 = Debug|Any CPU
		{ABEDDC54-5899-4236-9D75-D1AE7CD612D5}.Release|Any CPU.ActiveCfg = Release|Any CPU
		{ABEDDC54-5899-4236-9D75-D1AE7CD612D5}.Release|Any CPU.Build.0 = Release|Any CPU
	EndGlobalSection
	GlobalSection(SolutionProperties) = preSolution
		HideSolutionNode = FALSE
	EndGlobalSection
	GlobalSection(ExtensibilityGlobals) = postSolution
		SolutionGuid = {270D6C22-1E5E-4107-ACD4-EE57258161E3}
	EndGlobalSection
EndGlobal
